
Microsoft Visual Studio Solution File, Format Version 12.00
# Visual Studio Version 17
VisualStudioVersion = 17.5.33502.453
MinimumVisualStudioVersion = 10.0.40219.1
Project("{2150E333-8FDC-42A3-9474-1A3956D46DE8}") = "Engine", "Engine", "{EFCC0EC9-9820-44B3-B95A-FAF0BC570C68}"
EndProject
Project("{2150E333-8FDC-42A3-9474-1A3956D46DE8}") = "Launch", "Launch", "{F20FA146-498D-4C14-874D-CEF51C286003}"
EndProject
Project("{8BC9CEB8-8B4A-11D0-8D11-00A0C91BC942}") = "Launch", "Engine\Intermediate\Projects\Launch.vcxproj", "{AD07D567-4F12-4C1D-BF3C-3008B871815E}"
	ProjectSection(ProjectDependencies) = postProject
		{787AF5E4-2213-45A1-BB42-DF20C1996713} = {787AF5E4-2213-45A1-BB42-DF20C1996713}
	EndProjectSection
EndProject
Project("{8BC9CEB8-8B4A-11D0-8D11-00A0C91BC942}") = "Source", "Engine\Intermediate\Projects\Source.vcxproj", "{787AF5E4-2213-45A1-BB42-DF20C1996713}"
EndProject
Global
	GlobalSection(SolutionConfigurationPlatforms) = preSolution
		Debug|x64 = Debug|x64
		Release|x64 = Release|x64
	EndGlobalSection
	GlobalSection(ProjectConfigurationPlatforms) = postSolution
		{AD07D567-4F12-4C1D-BF3C-3008B871815E}.Debug|x64.ActiveCfg = Debug|x64
		{AD07D567-4F12-4C1D-BF3C-3008B871815E}.Release|x64.ActiveCfg = Release|x64
		{AD07D567-4F12-4C1D-BF3C-3008B871815E}.Release|x64.Build.0 = Release|x64
		{787AF5E4-2213-45A1-BB42-DF20C1996713}.Debug|x64.ActiveCfg = Debug|x64
		{787AF5E4-2213-45A1-BB42-DF20C1996713}.Debug|x64.Build.0 = Debug|x64
		{787AF5E4-2213-45A1-BB42-DF20C1996713}.Release|x64.ActiveCfg = Release|x64
		{787AF5E4-2213-45A1-BB42-DF20C1996713}.Release|x64.Build.0 = Release|x64
	EndGlobalSection
	GlobalSection(SolutionProperties) = preSolution
		HideSolutionNode = FALSE
	EndGlobalSection
	GlobalSection(NestedProjects) = preSolution
		{AD07D567-4F12-4C1D-BF3C-3008B871815E} = {F20FA146-498D-4C14-874D-CEF51C286003}
		{787AF5E4-2213-45A1-BB42-DF20C1996713} = {EFCC0EC9-9820-44B3-B95A-FAF0BC570C68}
	EndGlobalSection
	GlobalSection(ExtensibilityGlobals) = postSolution
		SolutionGuid = {9B2FD45E-5694-44C8-B6D5-19704587A449}
	EndGlobalSection
EndGlobal
