<?xml version="1.0" encoding="utf-8"?>
<Project ToolsVersion="4.0" xmlns="http://schemas.microsoft.com/developer/msbuild/2003">
  <ItemGroup>
    <ClCompile Include="Editor\Console.cpp" />
    <ClCompile Include="Editor\ContentBrowser.cpp" />
    <ClCompile Include="Editor\Editor.cpp" />
    <ClCompile Include="Editor\Entity.cpp" />
    <ClCompile Include="Editor\ExampleLayer.cpp" />
    <ClCompile Include="Editor\Scene.cpp" />
    <ClCompile Include="Editor\SceneHierarchy.cpp" />
    <ClCompile Include="Engine\Core\Application.cpp" />
    <ClCompile Include="Engine\Core\Core.cpp" />
    <ClCompile Include="Engine\Core\Input.cpp" />
    <ClCompile Include="Engine\Core\Layer.cpp" />
    <ClCompile Include="Engine\Core\LayerStack.cpp" />
    <ClCompile Include="Engine\Core\Window.cpp" />
    <ClCompile Include="Engine\Gui\ImGuiLayer.cpp" />
    <ClCompile Include="Engine\Math\MathUtils.cpp" />
    <ClCompile Include="Engine\Math\Matrix3.cpp" />
    <ClCompile Include="Engine\Math\Matrix4.cpp" />
    <ClCompile Include="Engine\Math\Quaternion.cpp" />
    <ClCompile Include="Engine\Platform\Platform.cpp" />
    <ClCompile Include="Engine\Platform\Win32\VulkanSupport.cpp" />
    <ClCompile Include="Engine\Platform\Win32\WindowsFile.cpp" />
    <ClCompile Include="Engine\Platform\Win32\WindowsFileSystem.cpp" />
    <ClCompile Include="Engine\Platform\Win32\WindowsInput.cpp" />
    <ClCompile Include="Engine\Platform\Win32\WindowsPlatform.cpp" />
    <ClCompile Include="Engine\Platform\Win32\WindowsWindow.cpp" />
    <ClCompile Include="Engine\Render\Camera.cpp" />
    <ClCompile Include="Engine\Render\Camera2D.cpp" />
    <ClCompile Include="Engine\Render\CameraController2D.cpp" />
    <ClCompile Include="Engine\Render\FrameBuffer.cpp" />
    <ClCompile Include="Engine\Render\ImageCore.cpp" />
    <ClCompile Include="Engine\Render\ImageLoader.cpp" />
    <ClCompile Include="Engine\Render\IndexBuffer.cpp" />
    <ClCompile Include="Engine\Render\RenderContext.cpp" />
    <ClCompile Include="Engine\Render\Renderer.cpp" />
    <ClCompile Include="Engine\Render\Shader.cpp" />
    <ClCompile Include="Engine\Render\Texture.cpp" />
    <ClCompile Include="Engine\Render\VertexArray.cpp" />
    <ClCompile Include="Engine\Render\VertexBuffer.cpp" />
    <ClCompile Include="Engine\Render\Vulkan\VkCommandBuffer.cpp" />
    <ClCompile Include="Engine\Render\Vulkan\VkCommandPool.cpp" />
    <ClCompile Include="Engine\Render\Vulkan\VkContext.cpp" />
    <ClCompile Include="Engine\Render\Vulkan\VkDevice.cpp" />
    <ClCompile Include="Engine\Render\Vulkan\VkFence.cpp" />
    <ClCompile Include="Engine\Render\Vulkan\VkRenderPass.cpp" />
    <ClCompile Include="Engine\Render\Vulkan\VkSurface.cpp" />
    <ClCompile Include="Engine\Render\Vulkan\VkSwapChain.cpp" />
    <ClCompile Include="Engine\Render\Vulkan\VkFrameBuffer.cpp" />
    <ClCompile Include="Engine\Render\Vulkan\VkTexture.cpp" />
    <ClCompile Include="Engine\Render\Vulkan\VkUtilities.cpp" />
    <ClCompile Include="Engine\System\Clock.cpp" />
    <ClCompile Include="Engine\System\File.cpp" />
    <ClCompile Include="Engine\System\FileSystem.cpp" />
    <ClCompile Include="Engine\System\Time.cpp" />
    <ClCompile Include="ThirdParty\ImGui\imgui.cpp" />
    <ClCompile Include="ThirdParty\ImGui\ImGuizmo.cpp" />
    <ClCompile Include="ThirdParty\ImGui\imgui_draw.cpp" />
    <ClCompile Include="ThirdParty\ImGui\imgui_impl_vulkan.cpp" />
    <ClCompile Include="ThirdParty\ImGui\imgui_impl_win32.cpp" />
    <ClCompile Include="ThirdParty\ImGui\imgui_tables.cpp" />
    <ClCompile Include="ThirdParty\ImGui\imgui_widgets.cpp" />
    <ClCompile Include="Engine\Render\Vulkan\VkRenderer.cpp" />
    <ClCompile Include="Engine\Render\CommandBuffer.cpp" />
    <ClCompile Include="Engine\Render\RenderPass.cpp" />
    <ClCompile Include="Engine\Render\Vulkan\VkBuffer.cpp" />
    <ClCompile Include="Engine\Render\Vulkan\VkPipeline.cpp" />
    <ClCompile Include="Engine\Render\SwapChain.cpp" />
    <ClCompile Include="Engine\Render\Vulkan\VkVertexBuffer.cpp" />
    <ClCompile Include="Engine\Render\Vulkan\VkIntexBuffer.cpp" />
    <ClCompile Include="Engine\Render\Vulkan\VkUniformBuffer.cpp" />
    <ClCompile Include="ThirdParty\SPIRV-Cross\spirv_cfg.cpp" />
    <ClCompile Include="ThirdParty\SPIRV-Cross\spirv_cpp.cpp" />
    <ClCompile Include="ThirdParty\SPIRV-Cross\spirv_cross.cpp" />
    <ClCompile Include="ThirdParty\SPIRV-Cross\spirv_cross_c.cpp" />
    <ClCompile Include="ThirdParty\SPIRV-Cross\spirv_cross_parsed_ir.cpp" />
    <ClCompile Include="ThirdParty\SPIRV-Cross\spirv_cross_util.cpp" />
    <ClCompile Include="ThirdParty\SPIRV-Cross\spirv_glsl.cpp" />
    <ClCompile Include="ThirdParty\SPIRV-Cross\spirv_hlsl.cpp" />
    <ClCompile Include="ThirdParty\SPIRV-Cross\spirv_msl.cpp" />
    <ClCompile Include="ThirdParty\SPIRV-Cross\spirv_parser.cpp" />
    <ClCompile Include="ThirdParty\SPIRV-Cross\spirv_reflect.cpp" />
  </ItemGroup>
  <ItemGroup>
    <ClInclude Include="Editor\Components.h" />
    <ClInclude Include="Editor\Console.h" />
    <ClInclude Include="Editor\ContentBrowser.h" />
    <ClInclude Include="Editor\Editor.h" />
    <ClInclude Include="Editor\Entity.h" />
    <ClInclude Include="Editor\ExampleLayer.h" />
    <ClInclude Include="Editor\Scene.h" />
    <ClInclude Include="Editor\SceneHierarchy.h" />
    <ClInclude Include="Editor\ScriptLayer.h" />
    <ClInclude Include="Engine\Core\Application.h" />
    <ClInclude Include="Engine\Core\Config.h" />
    <ClInclude Include="Engine\Core\Core.h" />
    <ClInclude Include="Engine\Core\EntitySystem.h" />
    <ClInclude Include="Engine\Core\Event.h" />
    <ClInclude Include="Engine\Core\Input.h" />
    <ClInclude Include="Engine\Core\KeyCodes.h" />
    <ClInclude Include="Engine\Core\Layer.h" />
    <ClInclude Include="Engine\Core\LayerStack.h" />
    <ClInclude Include="Engine\Core\MouseCodes.h" />
    <ClInclude Include="Engine\Core\Singleton.h" />
    <ClInclude Include="Engine\Core\Window.h" />
    <ClInclude Include="Engine\Gui\ImGuiLayer.h" />
    <ClInclude Include="Engine\IconsMaterialDesignIcons.h" />
    <ClInclude Include="Engine\Math\MathUtils.h" />
    <ClInclude Include="Engine\Math\Matrix3.h" />
    <ClInclude Include="Engine\Math\Matrix4.h" />
    <ClInclude Include="Engine\Math\Quaternion.h" />
    <ClInclude Include="Engine\Math\Vector2.h" />
    <ClInclude Include="Engine\Math\Vector3.h" />
    <ClInclude Include="Engine\Math\Vector4.h" />
    <ClInclude Include="Engine\Platform\Platform.h" />
    <ClInclude Include="Engine\Platform\Win32\VulkanSupport.h" />
    <ClInclude Include="Engine\Platform\Win32\WindowsFile.h" />
    <ClInclude Include="Engine\Platform\Win32\WindowsFileSystem.h" />
    <ClInclude Include="Engine\Platform\Win32\WindowsInput.h" />
    <ClInclude Include="Engine\Platform\Win32\WindowsPlatform.h" />
    <ClInclude Include="Engine\Platform\Win32\WindowsWindow.h" />
    <ClInclude Include="Engine\Render\Camera.h" />
    <ClInclude Include="Engine\Render\Camera2D.h" />
    <ClInclude Include="Engine\Render\CameraController2D.h" />
    <ClInclude Include="Engine\Render\FrameBuffer.h" />
    <ClInclude Include="Engine\Render\ImageCore.h" />
    <ClInclude Include="Engine\Render\ImageLoader.h" />
    <ClInclude Include="Engine\Render\IndexBuffer.h" />
    <ClInclude Include="Engine\Render\RenderContext.h" />
    <ClInclude Include="Engine\Render\Renderer.h" />
    <ClInclude Include="Engine\Render\Shader.h" />
    <ClInclude Include="Engine\Render\Texture.h" />
    <ClInclude Include="Engine\Render\VertexArray.h" />
    <ClInclude Include="Engine\Render\VertexBuffer.h" />
    <ClInclude Include="Engine\Render\Vulkan\Vk.h" />
    <ClInclude Include="Engine\Render\Vulkan\VkCommandBuffer.h" />
    <ClInclude Include="Engine\Render\Vulkan\VkCommandPool.h" />
    <ClInclude Include="Engine\Render\Vulkan\VkContext.h" />
    <ClInclude Include="Engine\Render\Vulkan\VkDevice.h" />
    <ClInclude Include="Engine\Render\Vulkan\VkFence.h" />
    <ClInclude Include="Engine\Render\Vulkan\VkRenderPass.h" />
    <ClInclude Include="Engine\Render\Vulkan\VkSurface.h" />
    <ClInclude Include="Engine\Render\Vulkan\VkSwapChain.h" />
    <ClInclude Include="Engine\Render\Vulkan\VkFrameBuffer.h" />
    <ClInclude Include="Engine\Render\Vulkan\VkTexture.h" />
    <ClInclude Include="Engine\Render\Vulkan\VkUtilities.h" />
    <ClInclude Include="Engine\System\Clock.h" />
    <ClInclude Include="Engine\System\File.h" />
    <ClInclude Include="Engine\System\FileBase.h" />
    <ClInclude Include="Engine\System\FileSystem.h" />
    <ClInclude Include="Engine\System\Path.h" />
    <ClInclude Include="Engine\System\Time.h" />
    <ClInclude Include="resource.h" />
    <ClInclude Include="ThirdParty\entt\entt.hpp" />
    <ClInclude Include="ThirdParty\ImGui\imconfig.h" />
    <ClInclude Include="ThirdParty\ImGui\imgui.h" />
    <ClInclude Include="ThirdParty\ImGui\ImGuizmo.h" />
    <ClInclude Include="ThirdParty\ImGui\imgui_impl_vulkan.h" />
    <ClInclude Include="ThirdParty\ImGui\imgui_impl_win32.h" />
    <ClInclude Include="ThirdParty\ImGui\imgui_internal.h" />
    <ClInclude Include="ThirdParty\ImGui\imstb_rectpack.h" />
    <ClInclude Include="ThirdParty\ImGui\imstb_textedit.h" />
    <ClInclude Include="ThirdParty\ImGui\imstb_truetype.h" />
    <ClInclude Include="ThirdParty\stb_image\stb_image.h" />
    <ClInclude Include="ThirdParty\stb_image\stb_image_write.h" />
    <ClInclude Include="Engine\Render\Vulkan\VkRenderer.h" />
    <ClInclude Include="Engine\Render\CommandBuffer.h" />
    <ClInclude Include="Engine\Render\RenderPass.h" />
    <ClInclude Include="Engine\Render\Vulkan\VkBuffer.h" />
    <ClInclude Include="Engine\Render\Vulkan\VkPipeline.h" />
    <ClInclude Include="Engine\Render\SwapChain.h" />
    <ClInclude Include="Engine\Render\Vulkan\VkVertexBuffer.h" />
    <ClInclude Include="Engine\Render\Vulkan\VkIntexBuffer.h" />
    <ClInclude Include="Engine\Render\Vulkan\VkUniformBuffer.h" />
    <ClInclude Include="ThirdParty\SPIRV-Cross\spirv.h" />
    <ClInclude Include="ThirdParty\SPIRV-Cross\spirv.hpp" />
    <ClInclude Include="ThirdParty\SPIRV-Cross\spirv_cfg.hpp" />
    <ClInclude Include="ThirdParty\SPIRV-Cross\spirv_common.hpp" />
    <ClInclude Include="ThirdParty\SPIRV-Cross\spirv_cpp.hpp" />
    <ClInclude Include="ThirdParty\SPIRV-Cross\spirv_cross.hpp" />
    <ClInclude Include="ThirdParty\SPIRV-Cross\spirv_cross_c.h" />
    <ClInclude Include="ThirdParty\SPIRV-Cross\spirv_cross_containers.hpp" />
    <ClInclude Include="ThirdParty\SPIRV-Cross\spirv_cross_error_handling.hpp" />
    <ClInclude Include="ThirdParty\SPIRV-Cross\spirv_cross_parsed_ir.hpp" />
    <ClInclude Include="ThirdParty\SPIRV-Cross\spirv_cross_util.hpp" />
    <ClInclude Include="ThirdParty\SPIRV-Cross\spirv_glsl.hpp" />
    <ClInclude Include="ThirdParty\SPIRV-Cross\spirv_hlsl.hpp" />
    <ClInclude Include="ThirdParty\SPIRV-Cross\spirv_msl.hpp" />
    <ClInclude Include="ThirdParty\SPIRV-Cross\spirv_parser.hpp" />
    <ClInclude Include="ThirdParty\SPIRV-Cross\spirv_reflect.hpp" />
  </ItemGroup>
  <ItemGroup>
    <ResourceCompile Include="Source.rc" />
  </ItemGroup>
  <ItemGroup>
    <None Include="Engine\MaterialDesign.inl" />
  </ItemGroup>
</Project>