<?xml version="1.0" encoding="utf-8"?>
<Project ToolsVersion="4.0" xmlns="http://schemas.microsoft.com/developer/msbuild/2003">
  <ItemGroup>
    <ClCompile Include="Engine\Core\Application.cpp" />
    <ClCompile Include="Engine\Core\Core.cpp" />
    <ClCompile Include="Engine\Math\MathUtils.cpp" />
    <ClCompile Include="Engine\Math\Matrix3.cpp" />
    <ClCompile Include="Engine\Math\Matrix4.cpp" />
    <ClCompile Include="Engine\Math\Quaternion.cpp" />
    <ClCompile Include="Engine\RHI\DirectX\DX11\DX11Device.cpp" />
    <ClCompile Include="Engine\RHI\DirectX\DX11\DX11Viewport.cpp" />
    <ClCompile Include="Engine\RHI\DirectX\DX11\DX11Shader.cpp" />
    <ClCompile Include="Engine\RHI\DirectX\DX11\DX11Buffer.cpp" />
    <ClCompile Include="Engine\Core\Misc\Log.cpp" />
    <ClCompile Include="Engine\Core\Windows\WindowsFile.cpp" />
    <ClCompile Include="Engine\Core\Windows\WindowsFileSystem.cpp" />
    <ClCompile Include="Engine\Core\Windows\WindowsInput.cpp" />
    <ClCompile Include="Engine\Core\Windows\WindowsPlatform.cpp" />
    <ClCompile Include="Engine\Core\Windows\WindowsWindow.cpp" />
    <ClCompile Include="Engine\Core\Generic\Platform.cpp" />
    <ClCompile Include="Engine\Core\Generic\File.cpp" />
    <ClCompile Include="Engine\Core\Generic\FileSystem.cpp" />
    <ClCompile Include="Engine\Core\Generic\Window.cpp" />
    <ClCompile Include="Engine\InputDevice\Input.cpp" />
    <ClCompile Include="Engine\Core\Generic\Memory.cpp" />
    <ClCompile Include="Engine\Core\Misc\CString.cpp" />
  </ItemGroup>
  <ItemGroup>
    <ClInclude Include="Engine\Core\Application.h" />
    <ClInclude Include="Engine\Core\Config.h" />
    <ClInclude Include="Engine\Core\Core.h" />
    <ClInclude Include="Engine\Core\Event.h" />
    <ClInclude Include="Engine\Math\MathUtils.h" />
    <ClInclude Include="Engine\Math\Matrix3.h" />
    <ClInclude Include="Engine\Math\Matrix4.h" />
    <ClInclude Include="Engine\Math\Quaternion.h" />
    <ClInclude Include="Engine\Math\Vector2.h" />
    <ClInclude Include="Engine\Math\Vector3.h" />
    <ClInclude Include="Engine\Math\Vector4.h" />
    <ClInclude Include="Engine\RHI\DynamicRHI.h" />
    <ClInclude Include="Engine\RHI\DirectX\DX11DynamicRHI.h" />
    <ClInclude Include="Engine\RHI\RHIResources.h" />
    <ClInclude Include="Engine\RHI\DirectX\DX11\DX11Viewport.h" />
    <ClInclude Include="Engine\Core\Containers\Array.h" />
    <ClInclude Include="Engine\RHI\DirectX\DX11\DX11Shader.h" />
    <ClInclude Include="Engine\RHI\DirectX\DX11\DX11Buffer.h" />
    <ClInclude Include="Engine\Core\Misc\Log.h" />
    <ClInclude Include="Engine\Core\Windows\WindowsFile.h" />
    <ClInclude Include="Engine\Core\Windows\WindowsFileSystem.h" />
    <ClInclude Include="Engine\Core\Windows\WindowsInput.h" />
    <ClInclude Include="Engine\Core\Windows\WindowsPlatform.h" />
    <ClInclude Include="Engine\Core\Windows\WindowsWindow.h" />
    <ClInclude Include="Engine\Core\Generic\Platform.h" />
    <ClInclude Include="Engine\Core\Generic\File.h" />
    <ClInclude Include="Engine\Core\Generic\FileBase.h" />
    <ClInclude Include="Engine\Core\Generic\FileSystem.h" />
    <ClInclude Include="Engine\Core\Generic\Path.h" />
    <ClInclude Include="Engine\InputDevice\KeyCodes.h" />
    <ClInclude Include="Engine\InputDevice\MouseCodes.h" />
    <ClInclude Include="Engine\Core\Generic\Window.h" />
    <ClInclude Include="Engine\InputDevice\Input.h" />
    <ClInclude Include="Engine\Core\Misc\Allocator.h" />
    <ClInclude Include="Engine\Core\Types\String.h" />
    <ClInclude Include="Engine\Core\Types\StringView.h" />
    <ClInclude Include="Engine\Core\Generic\Memory.h" />
    <ClInclude Include="Engine\Core\Misc\CString.h" />
  </ItemGroup>
</Project>